
Microsoft Visual Studio Solution File, Format Version 12.00
# Visual Studio Version 16
VisualStudioVersion = 16.0.30225.117
MinimumVisualStudioVersion = 10.0.40219.1
Project("{FAE04EC0-301F-11D3-BF4B-00C04F79EFBC}") = "PasswordChecker", "PasswordChecker\PasswordChecker.csproj", "{3D504112-E6CE-4E03-AA2A-E051DF972430}"
EndProject
Global
	GlobalSection(SolutionConfigurationPlatforms) = preSolution
		Debug|Any CPU = Debug|Any CPU
		Release|Any CPU = Release|Any CPU
	EndGlobalSection
	GlobalSection(ProjectConfigurationPlatforms) = postSolution
		{3D504112-E6CE-4E03-AA2A-E051DF972430}.Debug|Any CPU.ActiveCfg = Debug|Any CPU
		{3D504112-E6CE-4E03-AA2A-E051DF972430}.Debug|Any CPU.Build.0 = Debug|Any CPU
		{3D504112-E6CE-4E03-AA2A-E051DF972430}.Release|Any CPU.ActiveCfg = Release|Any CPU
		{3D504112-E6CE-4E03-AA2A-E051DF972430}.Release|Any CPU.Build.0 = Release|Any CPU
	EndGlobalSection
	GlobalSection(SolutionProperties) = preSolution
		HideSolutionNode = FALSE
	EndGlobalSection
	GlobalSection(ExtensibilityGlobals) = postSolution
		SolutionGuid = {3F32A275-D4E7-42DF-AD2A-63366E59A55F}
	EndGlobalSection
EndGlobal
